FORGE
  remote: http://forge.puppetlabs.com
  specs:
    elasticsearch/elasticsearch (0.3.0)
      puppetlabs/stdlib (>= 3.2.0)
    elasticsearch/logstash (0.4.3)
      ispavailability/file_concat (>= 0.1.0)
      puppetlabs/stdlib (>= 3.2.0)
    example42/perl (2.0.16)
      example42/puppi (>= 2.0.0)
    example42/puppi (2.1.9)
    garethr/erlang (0.2.0)
      puppetlabs/apt (>= 0.0.0)
      puppetlabs/stdlib (>= 0.0.0)
      stahnma/epel (>= 0.0.0)
    ispavailability/file_concat (0.1.0)
    jlbfalcao/jruby (1.7.11)
    puppetlabs/apt (1.4.2)
      puppetlabs/stdlib (>= 2.2.1)
    puppetlabs/rabbitmq (3.1.0)
      garethr/erlang (>= 0.1.0)
      puppetlabs/apt (>= 1.0.0)
      puppetlabs/stdlib (>= 2.0.0)
    puppetlabs/stdlib (4.1.0)
    stahnma/epel (0.0.6)

DEPENDENCIES
  elasticsearch/elasticsearch (= 0.3.0)
  elasticsearch/logstash (= 0.4.3)
  example42/perl (= 2.0.16)
  jlbfalcao/jruby (= 1.7.11)
  puppetlabs/apt (= 1.4.2)
  puppetlabs/rabbitmq (= 3.1.0)
  puppetlabs/stdlib (>= 0)
  stahnma/epel (= 0.0.6)

